// !$*UTF8*$!
{
	archiveVersion = 1;
	classes = {
	};
	objectVersion = 46;
	objects = {

/* Begin PBXBuildFile section */
		0405D3311927E37600AE2BDE /* Foundation.framework in Frameworks */ = {isa = PBXBuildFile; fileRef = 0405D3301927E37600AE2BDE /* Foundation.framework */; };
		0405D3441927E3C300AE2BDE /* Makefile in Sources */ = {isa = PBXBuildFile; fileRef = 0405D3401927E3C300AE2BDE /* Makefile */; };
		04B2A1C91927FAC200BB8DCD /* Makefile in Sources */ = {isa = PBXBuildFile; fileRef = 04B2A1C81927FAC200BB8DCD /* Makefile */; };
		04B2A1D31927FB4B00BB8DCD /* main.m in Sources */ = {isa = PBXBuildFile; fileRef = 04B2A1CA1927FB4B00BB8DCD /* main.m */; };
		04B2A1D41927FB4B00BB8DCD /* ml.m in Sources */ = {isa = PBXBuildFile; fileRef = 04B2A1CC1927FB4B00BB8DCD /* ml.m */; };
		04B2A1D51927FB4B00BB8DCD /* MLARFFAttribute.m in Sources */ = {isa = PBXBuildFile; fileRef = 04B2A1CE1927FB4B00BB8DCD /* MLARFFAttribute.m */; };
		04B2A1D61927FB4B00BB8DCD /* MLARFFFileReader.m in Sources */ = {isa = PBXBuildFile; fileRef = 04B2A1D01927FB4B00BB8DCD /* MLARFFFileReader.m */; };
		04B2A1D71927FB4B00BB8DCD /* MLARFFStringAttribute.m in Sources */ = {isa = PBXBuildFile; fileRef = 04B2A1D21927FB4B00BB8DCD /* MLARFFStringAttribute.m */; };
		04B2A1DA1927FC1E00BB8DCD /* MLARFFNumericAttribute.m in Sources */ = {isa = PBXBuildFile; fileRef = 04B2A1D91927FC1E00BB8DCD /* MLARFFNumericAttribute.m */; };
		04B2A1DD1927FC3300BB8DCD /* MLARFFNominalAttribute.m in Sources */ = {isa = PBXBuildFile; fileRef = 04B2A1DC1927FC3300BB8DCD /* MLARFFNominalAttribute.m */; };
/* End PBXBuildFile section */

/* Begin PBXCopyFilesBuildPhase section */
		0405D32B1927E37600AE2BDE /* CopyFiles */ = {
			isa = PBXCopyFilesBuildPhase;
			buildActionMask = 2147483647;
			dstPath = /usr/share/man/man1/;
			dstSubfolderSpec = 0;
			files = (
			);
			runOnlyForDeploymentPostprocessing = 1;
		};
/* End PBXCopyFilesBuildPhase section */

/* Begin PBXFileReference section */
		0405D32D1927E37600AE2BDE /* ml */ = {isa = PBXFileReference; explicitFileType = "compiled.mach-o.executable"; includeInIndex = 0; path = ml; sourceTree = BUILT_PRODUCTS_DIR; };
		0405D3301927E37600AE2BDE /* Foundation.framework */ = {isa = PBXFileReference; lastKnownFileType = wrapper.framework; name = Foundation.framework; path = System/Library/Frameworks/Foundation.framework; sourceTree = SDKROOT; };
		0405D3361927E37600AE2BDE /* ml-Prefix.pch */ = {isa = PBXFileReference; lastKnownFileType = sourcecode.c.h; path = "ml-Prefix.pch"; sourceTree = "<group>"; };
		0405D3401927E3C300AE2BDE /* Makefile */ = {isa = PBXFileReference; fileEncoding = 4; lastKnownFileType = sourcecode.make; name = Makefile; path = ../../../Makefile; sourceTree = "<group>"; usesTabs = 1; };
		04B2A1C81927FAC200BB8DCD /* Makefile */ = {isa = PBXFileReference; fileEncoding = 4; lastKnownFileType = sourcecode.make; name = Makefile; path = ../../../build/Makefile; sourceTree = "<group>"; usesTabs = 1; };
		04B2A1CA1927FB4B00BB8DCD /* main.m */ = {isa = PBXFileReference; fileEncoding = 4; lastKnownFileType = sourcecode.c.objc; name = main.m; path = ../../../src/main.m; sourceTree = "<group>"; };
		04B2A1CB1927FB4B00BB8DCD /* ml.h */ = {isa = PBXFileReference; fileEncoding = 4; lastKnownFileType = sourcecode.c.h; name = ml.h; path = ../../../src/ml.h; sourceTree = "<group>"; };
		04B2A1CC1927FB4B00BB8DCD /* ml.m */ = {isa = PBXFileReference; fileEncoding = 4; lastKnownFileType = sourcecode.c.objc; name = ml.m; path = ../../../src/ml.m; sourceTree = "<group>"; };
		04B2A1CD1927FB4B00BB8DCD /* MLARFFAttribute.h */ = {isa = PBXFileReference; fileEncoding = 4; lastKnownFileType = sourcecode.c.h; name = MLARFFAttribute.h; path = ../../../src/MLARFFAttribute.h; sourceTree = "<group>"; };
		04B2A1CE1927FB4B00BB8DCD /* MLARFFAttribute.m */ = {isa = PBXFileReference; fileEncoding = 4; lastKnownFileType = sourcecode.c.objc; name = MLARFFAttribute.m; path = ../../../src/MLARFFAttribute.m; sourceTree = "<group>"; };
		04B2A1CF1927FB4B00BB8DCD /* MLARFFFileReader.h */ = {isa = PBXFileReference; fileEncoding = 4; lastKnownFileType = sourcecode.c.h; name = MLARFFFileReader.h; path = ../../../src/MLARFFFileReader.h; sourceTree = "<group>"; };
		04B2A1D01927FB4B00BB8DCD /* MLARFFFileReader.m */ = {isa = PBXFileReference; fileEncoding = 4; lastKnownFileType = sourcecode.c.objc; name = MLARFFFileReader.m; path = ../../../src/MLARFFFileReader.m; sourceTree = "<group>"; };
		04B2A1D11927FB4B00BB8DCD /* MLARFFStringAttribute.h */ = {isa = PBXFileReference; fileEncoding = 4; lastKnownFileType = sourcecode.c.h; name = MLARFFStringAttribute.h; path = ../../../src/MLARFFStringAttribute.h; sourceTree = "<group>"; };
		04B2A1D21927FB4B00BB8DCD /* MLARFFStringAttribute.m */ = {isa = PBXFileReference; fileEncoding = 4; lastKnownFileType = sourcecode.c.objc; name = MLARFFStringAttribute.m; path = ../../../src/MLARFFStringAttribute.m; sourceTree = "<group>"; };
		04B2A1D81927FC1E00BB8DCD /* MLARFFNumericAttribute.h */ = {isa = PBXFileReference; fileEncoding = 4; lastKnownFileType = sourcecode.c.h; name = MLARFFNumericAttribute.h; path = ../../../src/MLARFFNumericAttribute.h; sourceTree = "<group>"; };
		04B2A1D91927FC1E00BB8DCD /* MLARFFNumericAttribute.m */ = {isa = PBXFileReference; fileEncoding = 4; lastKnownFileType = sourcecode.c.objc; name = MLARFFNumericAttribute.m; path = ../../../src/MLARFFNumericAttribute.m; sourceTree = "<group>"; };
		04B2A1DB1927FC3300BB8DCD /* MLARFFNominalAttribute.h */ = {isa = PBXFileReference; fileEncoding = 4; lastKnownFileType = sourcecode.c.h; name = MLARFFNominalAttribute.h; path = ../../../src/MLARFFNominalAttribute.h; sourceTree = "<group>"; };
		04B2A1DC1927FC3300BB8DCD /* MLARFFNominalAttribute.m */ = {isa = PBXFileReference; fileEncoding = 4; lastKnownFileType = sourcecode.c.objc; name = MLARFFNominalAttribute.m; path = ../../../src/MLARFFNominalAttribute.m; sourceTree = "<group>"; };
/* End PBXFileReference section */

/* Begin PBXFrameworksBuildPhase section */
		0405D32A1927E37600AE2BDE /* Frameworks */ = {
			isa = PBXFrameworksBuildPhase;
			buildActionMask = 2147483647;
			files = (
				0405D3311927E37600AE2BDE /* Foundation.framework in Frameworks */,
			);
			runOnlyForDeploymentPostprocessing = 0;
		};
/* End PBXFrameworksBuildPhase section */

/* Begin PBXGroup section */
		0405D3221927E35500AE2BDE = {
			isa = PBXGroup;
			children = (
				0405D3321927E37600AE2BDE /* ml */,
				0405D32F1927E37600AE2BDE /* Frameworks */,
				0405D32E1927E37600AE2BDE /* Products */,
			);
			sourceTree = "<group>";
		};
		0405D32E1927E37600AE2BDE /* Products */ = {
			isa = PBXGroup;
			children = (
				0405D32D1927E37600AE2BDE /* ml */,
			);
			name = Products;
			sourceTree = "<group>";
		};
		0405D32F1927E37600AE2BDE /* Frameworks */ = {
			isa = PBXGroup;
			children = (
				0405D3301927E37600AE2BDE /* Foundation.framework */,
			);
			name = Frameworks;
			sourceTree = "<group>";
		};
		0405D3321927E37600AE2BDE /* ml */ = {
			isa = PBXGroup;
			children = (
				04B2A1CA1927FB4B00BB8DCD /* main.m */,
				04B2A1CB1927FB4B00BB8DCD /* ml.h */,
				04B2A1CC1927FB4B00BB8DCD /* ml.m */,
				04B2A1CF1927FB4B00BB8DCD /* MLARFFFileReader.h */,
				04B2A1D01927FB4B00BB8DCD /* MLARFFFileReader.m */,
				04B2A1DE1927FD3E00BB8DCD /* Attributes */,
				0405D3351927E37600AE2BDE /* Supporting Files */,
			);
			path = ml;
			sourceTree = "<group>";
		};
		0405D3351927E37600AE2BDE /* Supporting Files */ = {
			isa = PBXGroup;
			children = (
				0405D3401927E3C300AE2BDE /* Makefile */,
				04B2A1C81927FAC200BB8DCD /* Makefile */,
				0405D3361927E37600AE2BDE /* ml-Prefix.pch */,
			);
			name = "Supporting Files";
			sourceTree = "<group>";
		};
		04B2A1DE1927FD3E00BB8DCD /* Attributes */ = {
			isa = PBXGroup;
			children = (
				04B2A1CD1927FB4B00BB8DCD /* MLARFFAttribute.h */,
				04B2A1CE1927FB4B00BB8DCD /* MLARFFAttribute.m */,
				04B2A1D11927FB4B00BB8DCD /* MLARFFStringAttribute.h */,
				04B2A1D21927FB4B00BB8DCD /* MLARFFStringAttribute.m */,
				04B2A1D81927FC1E00BB8DCD /* MLARFFNumericAttribute.h */,
				04B2A1D91927FC1E00BB8DCD /* MLARFFNumericAttribute.m */,
				04B2A1DB1927FC3300BB8DCD /* MLARFFNominalAttribute.h */,
				04B2A1DC1927FC3300BB8DCD /* MLARFFNominalAttribute.m */,
			);
			name = Attributes;
			sourceTree = "<group>";
		};
/* End PBXGroup section */

/* Begin PBXNativeTarget section */
		0405D32C1927E37600AE2BDE /* ml */ = {
			isa = PBXNativeTarget;
			buildConfigurationList = 0405D3391927E37600AE2BDE /* Build configuration list for PBXNativeTarget "ml" */;
			buildPhases = (
				0405D3291927E37600AE2BDE /* Sources */,
				0405D32A1927E37600AE2BDE /* Frameworks */,
				0405D32B1927E37600AE2BDE /* CopyFiles */,
			);
			buildRules = (
			);
			dependencies = (
			);
			name = ml;
			productName = ml;
			productReference = 0405D32D1927E37600AE2BDE /* ml */;
			productType = "com.apple.product-type.tool";
		};
/* End PBXNativeTarget section */

/* Begin PBXProject section */
		0405D3231927E35500AE2BDE /* Project object */ = {
			isa = PBXProject;
			attributes = {
				LastUpgradeCheck = 0510;
			};
			buildConfigurationList = 0405D3261927E35500AE2BDE /* Build configuration list for PBXProject "ml" */;
			compatibilityVersion = "Xcode 3.2";
			developmentRegion = English;
			hasScannedForEncodings = 0;
			knownRegions = (
				en,
			);
			mainGroup = 0405D3221927E35500AE2BDE;
			productRefGroup = 0405D32E1927E37600AE2BDE /* Products */;
			projectDirPath = "";
			projectRoot = "";
			targets = (
				0405D32C1927E37600AE2BDE /* ml */,
			);
		};
/* End PBXProject section */

/* Begin PBXSourcesBuildPhase section */
		0405D3291927E37600AE2BDE /* Sources */ = {
			isa = PBXSourcesBuildPhase;
			buildActionMask = 2147483647;
			files = (
				04B2A1D61927FB4B00BB8DCD /* MLARFFFileReader.m in Sources */,
				04B2A1D51927FB4B00BB8DCD /* MLARFFAttribute.m in Sources */,
				04B2A1DA1927FC1E00BB8DCD /* MLARFFNumericAttribute.m in Sources */,
				04B2A1DD1927FC3300BB8DCD /* MLARFFNominalAttribute.m in Sources */,
				04B2A1D41927FB4B00BB8DCD /* ml.m in Sources */,
				0405D3441927E3C300AE2BDE /* Makefile in Sources */,
				04B2A1D31927FB4B00BB8DCD /* main.m in Sources */,
				04B2A1D71927FB4B00BB8DCD /* MLARFFStringAttribute.m in Sources */,
				04B2A1C91927FAC200BB8DCD /* Makefile in Sources */,
			);
			runOnlyForDeploymentPostprocessing = 0;
		};
/* End PBXSourcesBuildPhase section */

/* Begin XCBuildConfiguration section */
		0405D3271927E35500AE2BDE /* Debug */ = {
			isa = XCBuildConfiguration;
			buildSettings = {
			};
			name = Debug;
		};
		0405D3281927E35500AE2BDE /* Release */ = {
			isa = XCBuildConfiguration;
			buildSettings = {
			};
			name = Release;
		};
		0405D33A1927E37600AE2BDE /* Debug */ = {
			isa = XCBuildConfiguration;
			buildSettings = {
				ALWAYS_SEARCH_USER_PATHS = NO;
				CLANG_CXX_LANGUAGE_STANDARD = "gnu++0x";
				CLANG_CXX_LIBRARY = "libc++";
				CLANG_ENABLE_MODULES = YES;
				CLANG_ENABLE_OBJC_ARC = YES;
				CLANG_WARN_BOOL_CONVERSION = YES;
				CLANG_WARN_CONSTANT_CONVERSION = YES;
				CLANG_WARN_DIRECT_OBJC_ISA_USAGE = YES_ERROR;
				CLANG_WARN_EMPTY_BODY = YES;
				CLANG_WARN_ENUM_CONVERSION = YES;
				CLANG_WARN_INT_CONVERSION = YES;
				CLANG_WARN_OBJC_ROOT_CLASS = YES_ERROR;
				CLANG_WARN__DUPLICATE_METHOD_MATCH = YES;
				COPY_PHASE_STRIP = NO;
				GCC_C_LANGUAGE_STANDARD = gnu99;
				GCC_DYNAMIC_NO_PIC = NO;
				GCC_ENABLE_OBJC_EXCEPTIONS = YES;
				GCC_OPTIMIZATION_LEVEL = 0;
				GCC_PRECOMPILE_PREFIX_HEADER = YES;
				GCC_PREFIX_HEADER = "ml/ml-Prefix.pch";
				GCC_PREPROCESSOR_DEFINITIONS = (
					"DEBUG=1",
					"$(inherited)",
				);
				GCC_SYMBOLS_PRIVATE_EXTERN = NO;
				GCC_WARN_64_TO_32_BIT_CONVERSION = YES;
				GCC_WARN_ABOUT_RETURN_TYPE = YES_ERROR;
				GCC_WARN_UNDECLARED_SELECTOR = YES;
				GCC_WARN_UNINITIALIZED_AUTOS = YES_AGGRESSIVE;
				GCC_WARN_UNUSED_FUNCTION = YES;
				GCC_WARN_UNUSED_VARIABLE = YES;
				MACOSX_DEPLOYMENT_TARGET = 10.9;
				ONLY_ACTIVE_ARCH = YES;
				PRODUCT_NAME = "$(TARGET_NAME)";
				SDKROOT = macosx;
			};
			name = Debug;
		};
		0405D33B1927E37600AE2BDE /* Release */ = {
			isa = XCBuildConfiguration;
			buildSettings = {
				ALWAYS_SEARCH_USER_PATHS = NO;
				CLANG_CXX_LANGUAGE_STANDARD = "gnu++0x";
				CLANG_CXX_LIBRARY = "libc++";
				CLANG_ENABLE_MODULES = YES;
				CLANG_ENABLE_OBJC_ARC = YES;
				CLANG_WARN_BOOL_CONVERSION = YES;
				CLANG_WARN_CONSTANT_CONVERSION = YES;
				CLANG_WARN_DIRECT_OBJC_ISA_USAGE = YES_ERROR;
				CLANG_WARN_EMPTY_BODY = YES;
				CLANG_WARN_ENUM_CONVERSION = YES;
				CLANG_WARN_INT_CONVERSION = YES;
				CLANG_WARN_OBJC_ROOT_CLASS = YES_ERROR;
				CLANG_WARN__DUPLICATE_METHOD_MATCH = YES;
				COPY_PHASE_STRIP = YES;
				DEBUG_INFORMATION_FORMAT = "dwarf-with-dsym";
				ENABLE_NS_ASSERTIONS = NO;
				GCC_C_LANGUAGE_STANDARD = gnu99;
				GCC_ENABLE_OBJC_EXCEPTIONS = YES;
				GCC_PRECOMPILE_PREFIX_HEADER = YES;
				GCC_PREFIX_HEADER = "ml/ml-Prefix.pch";
				GCC_WARN_64_TO_32_BIT_CONVERSION = YES;
				GCC_WARN_ABOUT_RETURN_TYPE = YES_ERROR;
				GCC_WARN_UNDECLARED_SELECTOR = YES;
				GCC_WARN_UNINITIALIZED_AUTOS = YES_AGGRESSIVE;
				GCC_WARN_UNUSED_FUNCTION = YES;
				GCC_WARN_UNUSED_VARIABLE = YES;
				MACOSX_DEPLOYMENT_TARGET = 10.9;
				PRODUCT_NAME = "$(TARGET_NAME)";
				SDKROOT = macosx;
			};
			name = Release;
		};
/* End XCBuildConfiguration section */

/* Begin XCConfigurationList section */
		0405D3261927E35500AE2BDE /* Build configuration list for PBXProject "ml" */ = {
			isa = XCConfigurationList;
			buildConfigurations = (
				0405D3271927E35500AE2BDE /* Debug */,
				0405D3281927E35500AE2BDE /* Release */,
			);
			defaultConfigurationIsVisible = 0;
			defaultConfigurationName = Release;
		};
		0405D3391927E37600AE2BDE /* Build configuration list for PBXNativeTarget "ml" */ = {
			isa = XCConfigurationList;
			buildConfigurations = (
				0405D33A1927E37600AE2BDE /* Debug */,
				0405D33B1927E37600AE2BDE /* Release */,
			);
			defaultConfigurationIsVisible = 0;
			defaultConfigurationName = Release;
		};
/* End XCConfigurationList section */
	};
	rootObject = 0405D3231927E35500AE2BDE /* Project object */;
}
